
Microsoft Visual Studio Solution File, Format Version 12.00
# Visual Studio 15
VisualStudioVersion = 15.0.27130.2027
MinimumVisualStudioVersion = 10.0.40219.1
Project("{FAE04EC0-301F-11D3-BF4B-00C04F79EFBC}") = "Lan_ConnectionManager", "Lan_ConnectionManager\Lan_ConnectionManager.csproj", "{C6806A28-45A0-4724-8A74-F897D38BB868}"
EndProject
Global
	GlobalSection(SolutionConfigurationPlatforms) = preSolution
		Debug|Any CPU = Debug|Any CPU
		Release|Any CPU = Release|Any CPU
	EndGlobalSection
	GlobalSection(ProjectConfigurationPlatforms) = postSolution
		{C6806A28-45A0-4724-8A74-F897D38BB868}.Debug|Any CPU.ActiveCfg = Debug|Any CPU
		{C6806A28-45A0-4724-8A74-F897D38BB868}.Debug|Any CPU.Build.0 = Debug|Any CPU
		{C6806A28-45A0-4724-8A74-F897D38BB868}.Release|Any CPU.ActiveCfg = Release|Any CPU
		{C6806A28-45A0-4724-8A74-F897D38BB868}.Release|Any CPU.Build.0 = Release|Any CPU
	EndGlobalSection
	GlobalSection(SolutionProperties) = preSolution
		HideSolutionNode = FALSE
	EndGlobalSection
	GlobalSection(ExtensibilityGlobals) = postSolution
		SolutionGuid = {D94BB8C5-8093-47CF-A88F-D508A3A768D2}
	EndGlobalSection
EndGlobal
